
Microsoft Visual Studio Solution File, Format Version 12.00
# Visual Studio 14
VisualStudioVersion = 14.0.25420.1
MinimumVisualStudioVersion = 10.0.40219.1
Project("{8BC9CEB8-8B4A-11D0-8D11-00A0C91BC942}") = "Funky_Control8266-jqm", "Funky_Control8266-jqm.vcxproj", "{C5F80730-F44F-4478-BDAE-6634EFC2CA88}"
EndProject
Project("{E24C65DC-7377-472B-9ABA-BC803B73C61A}") = "data", "data\", "{7D9E3547-C434-4CE4-A954-36BC3F64213D}"
	ProjectSection(WebsiteProperties) = preProject
		TargetFrameworkMoniker = ".NETFramework,Version%3Dv4.0"
		Debug.AspNetCompiler.VirtualPath = "/localhost_50363"
		Debug.AspNetCompiler.PhysicalPath = "data\"
		Debug.AspNetCompiler.TargetPath = "PrecompiledWeb\localhost_50363\"
		Debug.AspNetCompiler.Updateable = "true"
		Debug.AspNetCompiler.ForceOverwrite = "true"
		Debug.AspNetCompiler.FixedNames = "false"
		Debug.AspNetCompiler.Debug = "True"
		Release.AspNetCompiler.VirtualPath = "/localhost_50363"
		Release.AspNetCompiler.PhysicalPath = "data\"
		Release.AspNetCompiler.TargetPath = "PrecompiledWeb\localhost_50363\"
		Release.AspNetCompiler.Updateable = "true"
		Release.AspNetCompiler.ForceOverwrite = "true"
		Release.AspNetCompiler.FixedNames = "false"
		Release.AspNetCompiler.Debug = "False"
		VWDPort = "50363"
		SlnRelativePath = "data\"
	EndProjectSection
EndProject
Global
	GlobalSection(SolutionConfigurationPlatforms) = preSolution
		Debug|Any CPU = Debug|Any CPU
		Debug|x86 = Debug|x86
		Release|Any CPU = Release|Any CPU
		Release|x86 = Release|x86
	EndGlobalSection
	GlobalSection(ProjectConfigurationPlatforms) = postSolution
		{C5F80730-F44F-4478-BDAE-6634EFC2CA88}.Debug|Any CPU.ActiveCfg = Debug|Win32
		{C5F80730-F44F-4478-BDAE-6634EFC2CA88}.Debug|x86.ActiveCfg = Debug|Win32
		{C5F80730-F44F-4478-BDAE-6634EFC2CA88}.Debug|x86.Build.0 = Debug|Win32
		{C5F80730-F44F-4478-BDAE-6634EFC2CA88}.Release|Any CPU.ActiveCfg = Release|Win32
		{C5F80730-F44F-4478-BDAE-6634EFC2CA88}.Release|x86.ActiveCfg = Release|Win32
		{C5F80730-F44F-4478-BDAE-6634EFC2CA88}.Release|x86.Build.0 = Release|Win32
		{7D9E3547-C434-4CE4-A954-36BC3F64213D}.Debug|Any CPU.ActiveCfg = Debug|Any CPU
		{7D9E3547-C434-4CE4-A954-36BC3F64213D}.Debug|Any CPU.Build.0 = Debug|Any CPU
		{7D9E3547-C434-4CE4-A954-36BC3F64213D}.Debug|x86.ActiveCfg = Debug|Any CPU
		{7D9E3547-C434-4CE4-A954-36BC3F64213D}.Debug|x86.Build.0 = Debug|Any CPU
		{7D9E3547-C434-4CE4-A954-36BC3F64213D}.Release|Any CPU.ActiveCfg = Debug|Any CPU
		{7D9E3547-C434-4CE4-A954-36BC3F64213D}.Release|Any CPU.Build.0 = Debug|Any CPU
		{7D9E3547-C434-4CE4-A954-36BC3F64213D}.Release|x86.ActiveCfg = Debug|Any CPU
		{7D9E3547-C434-4CE4-A954-36BC3F64213D}.Release|x86.Build.0 = Debug|Any CPU
	EndGlobalSection
	GlobalSection(SolutionProperties) = preSolution
		HideSolutionNode = FALSE
	EndGlobalSection
EndGlobal
